
Microsoft Visual Studio Solution File, Format Version 12.00
# Visual Studio 14
VisualStudioVersion = 14.0.24720.0
MinimumVisualStudioVersion = 10.0.40219.1
Project("{FAE04EC0-301F-11D3-BF4B-00C04F79EFBC}") = "1.IQueryable", "IQueryable\1.IQueryable.csproj", "{4B096486-7457-4911-8280-7BA7A2BB45A0}"
EndProject
Project("{FAE04EC0-301F-11D3-BF4B-00C04F79EFBC}") = "2.AdvancedXML", "AdvancedXML\2.AdvancedXML.csproj", "{95E41D9F-A972-47C1-8774-14B1CE2CA3C3}"
EndProject
Project("{FAE04EC0-301F-11D3-BF4B-00C04F79EFBC}") = "3.UnmanagedCode", "UnmanagedCode\3.UnmanagedCode.csproj", "{2118620E-1214-4DA5-A97D-DC05C6124A2B}"
EndProject
Project("{FAE04EC0-301F-11D3-BF4B-00C04F79EFBC}") = "4.Multithreading", "Multithreading\4.Multithreading.csproj", "{B15C85AB-DA2C-4D9B-94C4-7514B8C3CC5C}"
EndProject
Project("{FAE04EC0-301F-11D3-BF4B-00C04F79EFBC}") = "5.Services", "Services\5.Services.csproj", "{4194AF68-9B20-4969-BA2E-80D7D306C093}"
EndProject
Project("{FAE04EC0-301F-11D3-BF4B-00C04F79EFBC}") = "FileMonitorService", "MessageQueue\FileMonitorService\FileMonitorService.csproj", "{97D33A72-EB09-45FB-9434-3DE226705396}"
EndProject
Project("{2150E333-8FDC-42A3-9474-1A3956D46DE8}") = "6.MessageQueue", "6.MessageQueue", "{17D53E43-C25E-414B-9BC9-561DE125CA3B}"
EndProject
Project("{FAE04EC0-301F-11D3-BF4B-00C04F79EFBC}") = "ProcessingService", "MessageQueue\ProcessingService\ProcessingService.csproj", "{DD45AE62-4861-491A-B11A-44CEABCC2B74}"
EndProject
Project("{FAE04EC0-301F-11D3-BF4B-00C04F79EFBC}") = "RemoteController", "MessageQueue\RemoteController\RemoteController.csproj", "{F605E355-2185-4F53-8589-AEACA4C597A8}"
EndProject
Project("{FAE04EC0-301F-11D3-BF4B-00C04F79EFBC}") = "7.Debugging", "7.Debugging\7.Debugging.csproj", "{F019BEB7-CA30-40EF-8EFC-02D83D8E8A23}"
EndProject
Project("{FAE04EC0-301F-11D3-BF4B-00C04F79EFBC}") = "8.Profiling", "8.Profiling\8.Profiling.csproj", "{BA4F2AF1-F018-49CE-BBC3-5550542310AE}"
EndProject
Project("{FAE04EC0-301F-11D3-BF4B-00C04F79EFBC}") = "10.AOP", "10.AOP\10.AOP.csproj", "{B8329033-3342-43E0-808A-D6BB8AD9A80A}"
EndProject
Global
	GlobalSection(SolutionConfigurationPlatforms) = preSolution
		Debug|Any CPU = Debug|Any CPU
		Release|Any CPU = Release|Any CPU
	EndGlobalSection
	GlobalSection(ProjectConfigurationPlatforms) = postSolution
		{4B096486-7457-4911-8280-7BA7A2BB45A0}.Debug|Any CPU.ActiveCfg = Debug|Any CPU
		{4B096486-7457-4911-8280-7BA7A2BB45A0}.Debug|Any CPU.Build.0 = Debug|Any CPU
		{4B096486-7457-4911-8280-7BA7A2BB45A0}.Release|Any CPU.ActiveCfg = Release|Any CPU
		{4B096486-7457-4911-8280-7BA7A2BB45A0}.Release|Any CPU.Build.0 = Release|Any CPU
		{95E41D9F-A972-47C1-8774-14B1CE2CA3C3}.Debug|Any CPU.ActiveCfg = Debug|Any CPU
		{95E41D9F-A972-47C1-8774-14B1CE2CA3C3}.Debug|Any CPU.Build.0 = Debug|Any CPU
		{95E41D9F-A972-47C1-8774-14B1CE2CA3C3}.Release|Any CPU.ActiveCfg = Release|Any CPU
		{95E41D9F-A972-47C1-8774-14B1CE2CA3C3}.Release|Any CPU.Build.0 = Release|Any CPU
		{2118620E-1214-4DA5-A97D-DC05C6124A2B}.Debug|Any CPU.ActiveCfg = Debug|Any CPU
		{2118620E-1214-4DA5-A97D-DC05C6124A2B}.Debug|Any CPU.Build.0 = Debug|Any CPU
		{2118620E-1214-4DA5-A97D-DC05C6124A2B}.Release|Any CPU.ActiveCfg = Release|Any CPU
		{2118620E-1214-4DA5-A97D-DC05C6124A2B}.Release|Any CPU.Build.0 = Release|Any CPU
		{B15C85AB-DA2C-4D9B-94C4-7514B8C3CC5C}.Debug|Any CPU.ActiveCfg = Debug|Any CPU
		{B15C85AB-DA2C-4D9B-94C4-7514B8C3CC5C}.Debug|Any CPU.Build.0 = Debug|Any CPU
		{B15C85AB-DA2C-4D9B-94C4-7514B8C3CC5C}.Release|Any CPU.ActiveCfg = Release|Any CPU
		{B15C85AB-DA2C-4D9B-94C4-7514B8C3CC5C}.Release|Any CPU.Build.0 = Release|Any CPU
		{4194AF68-9B20-4969-BA2E-80D7D306C093}.Debug|Any CPU.ActiveCfg = Debug|Any CPU
		{4194AF68-9B20-4969-BA2E-80D7D306C093}.Debug|Any CPU.Build.0 = Debug|Any CPU
		{4194AF68-9B20-4969-BA2E-80D7D306C093}.Release|Any CPU.ActiveCfg = Release|Any CPU
		{4194AF68-9B20-4969-BA2E-80D7D306C093}.Release|Any CPU.Build.0 = Release|Any CPU
		{97D33A72-EB09-45FB-9434-3DE226705396}.Debug|Any CPU.ActiveCfg = Debug|Any CPU
		{97D33A72-EB09-45FB-9434-3DE226705396}.Debug|Any CPU.Build.0 = Debug|Any CPU
		{97D33A72-EB09-45FB-9434-3DE226705396}.Release|Any CPU.ActiveCfg = Release|Any CPU
		{97D33A72-EB09-45FB-9434-3DE226705396}.Release|Any CPU.Build.0 = Release|Any CPU
		{DD45AE62-4861-491A-B11A-44CEABCC2B74}.Debug|Any CPU.ActiveCfg = Debug|Any CPU
		{DD45AE62-4861-491A-B11A-44CEABCC2B74}.Debug|Any CPU.Build.0 = Debug|Any CPU
		{DD45AE62-4861-491A-B11A-44CEABCC2B74}.Release|Any CPU.ActiveCfg = Release|Any CPU
		{DD45AE62-4861-491A-B11A-44CEABCC2B74}.Release|Any CPU.Build.0 = Release|Any CPU
		{F605E355-2185-4F53-8589-AEACA4C597A8}.Debug|Any CPU.ActiveCfg = Debug|Any CPU
		{F605E355-2185-4F53-8589-AEACA4C597A8}.Debug|Any CPU.Build.0 = Debug|Any CPU
		{F605E355-2185-4F53-8589-AEACA4C597A8}.Release|Any CPU.ActiveCfg = Release|Any CPU
		{F605E355-2185-4F53-8589-AEACA4C597A8}.Release|Any CPU.Build.0 = Release|Any CPU
		{F019BEB7-CA30-40EF-8EFC-02D83D8E8A23}.Debug|Any CPU.ActiveCfg = Debug|Any CPU
		{F019BEB7-CA30-40EF-8EFC-02D83D8E8A23}.Debug|Any CPU.Build.0 = Debug|Any CPU
		{F019BEB7-CA30-40EF-8EFC-02D83D8E8A23}.Release|Any CPU.ActiveCfg = Release|Any CPU
		{F019BEB7-CA30-40EF-8EFC-02D83D8E8A23}.Release|Any CPU.Build.0 = Release|Any CPU
		{BA4F2AF1-F018-49CE-BBC3-5550542310AE}.Debug|Any CPU.ActiveCfg = Debug|Any CPU
		{BA4F2AF1-F018-49CE-BBC3-5550542310AE}.Debug|Any CPU.Build.0 = Debug|Any CPU
		{BA4F2AF1-F018-49CE-BBC3-5550542310AE}.Release|Any CPU.ActiveCfg = Release|Any CPU
		{BA4F2AF1-F018-49CE-BBC3-5550542310AE}.Release|Any CPU.Build.0 = Release|Any CPU
		{B8329033-3342-43E0-808A-D6BB8AD9A80A}.Debug|Any CPU.ActiveCfg = Debug|Any CPU
		{B8329033-3342-43E0-808A-D6BB8AD9A80A}.Debug|Any CPU.Build.0 = Debug|Any CPU
		{B8329033-3342-43E0-808A-D6BB8AD9A80A}.Release|Any CPU.ActiveCfg = Release|Any CPU
		{B8329033-3342-43E0-808A-D6BB8AD9A80A}.Release|Any CPU.Build.0 = Release|Any CPU
	EndGlobalSection
	GlobalSection(SolutionProperties) = preSolution
		HideSolutionNode = FALSE
	EndGlobalSection
	GlobalSection(NestedProjects) = preSolution
		{97D33A72-EB09-45FB-9434-3DE226705396} = {17D53E43-C25E-414B-9BC9-561DE125CA3B}
		{DD45AE62-4861-491A-B11A-44CEABCC2B74} = {17D53E43-C25E-414B-9BC9-561DE125CA3B}
		{F605E355-2185-4F53-8589-AEACA4C597A8} = {17D53E43-C25E-414B-9BC9-561DE125CA3B}
	EndGlobalSection
EndGlobal
